// !$*UTF8*$!
{
	archiveVersion = 1;
	classes = {
	};
	objectVersion = 56;
	objects = {

/* Begin PBXBuildFile section */
		F3681A4E2C6A5F5500A29862 /* TheMovieDBApp.swift in Sources */ = {isa = PBXBuildFile; fileRef = F3681A4D2C6A5F5500A29862 /* TheMovieDBApp.swift */; };
		F3681A542C6A5F5700A29862 /* Assets.xcassets in Resources */ = {isa = PBXBuildFile; fileRef = F3681A532C6A5F5700A29862 /* Assets.xcassets */; };
		F3681A582C6A5F5700A29862 /* Preview Assets.xcassets in Resources */ = {isa = PBXBuildFile; fileRef = F3681A572C6A5F5700A29862 /* Preview Assets.xcassets */; };
		F3681A622C6A5F5800A29862 /* DateFormatterExtensionsTests.swift in Sources */ = {isa = PBXBuildFile; fileRef = F3681A612C6A5F5800A29862 /* DateFormatterExtensionsTests.swift */; };
		F3681A6C2C6A5F5800A29862 /* banquemisr_challenge05_themoviedbUITests.swift in Sources */ = {isa = PBXBuildFile; fileRef = F3681A6B2C6A5F5800A29862 /* banquemisr_challenge05_themoviedbUITests.swift */; };
		F3681A6E2C6A5F5800A29862 /* banquemisr_challenge05_themoviedbUITestsLaunchTests.swift in Sources */ = {isa = PBXBuildFile; fileRef = F3681A6D2C6A5F5800A29862 /* banquemisr_challenge05_themoviedbUITestsLaunchTests.swift */; };
		F399922C2CF4EE820094B63B /* MovieCategoryMapper.swift in Sources */ = {isa = PBXBuildFile; fileRef = F399922B2CF4EE820094B63B /* MovieCategoryMapper.swift */; };
		F399922F2CF4EEB60094B63B /* MovieCategory.swift in Sources */ = {isa = PBXBuildFile; fileRef = F399922E2CF4EEB60094B63B /* MovieCategory.swift */; };
		F39992332CF548400094B63B /* APIClientTests.swift in Sources */ = {isa = PBXBuildFile; fileRef = F39992322CF548400094B63B /* APIClientTests.swift */; };
		F39992362CF549500094B63B /* MockAPIClient.swift in Sources */ = {isa = PBXBuildFile; fileRef = F39992352CF549500094B63B /* MockAPIClient.swift */; };
		F39992382CF549B70094B63B /* MockMovieService.swift in Sources */ = {isa = PBXBuildFile; fileRef = F39992372CF549B70094B63B /* MockMovieService.swift */; };
		F399923B2CF54B580094B63B /* MockURLSession.swift in Sources */ = {isa = PBXBuildFile; fileRef = F39992392CF54B580094B63B /* MockURLSession.swift */; };
		F399923C2CF54B580094B63B /* MockURLProtocol.swift in Sources */ = {isa = PBXBuildFile; fileRef = F399923A2CF54B580094B63B /* MockURLProtocol.swift */; };
		F399923F2CF54EDF0094B63B /* MovieRepositoryTests.swift in Sources */ = {isa = PBXBuildFile; fileRef = F399923E2CF54EDF0094B63B /* MovieRepositoryTests.swift */; };
		F39992422CF550590094B63B /* XCTestCase+Extensions.swift in Sources */ = {isa = PBXBuildFile; fileRef = F39992412CF550590094B63B /* XCTestCase+Extensions.swift */; };
		F3DA93BD2CF24D0A00208216 /* APIClient.swift in Sources */ = {isa = PBXBuildFile; fileRef = F3DA93BC2CF24D0A00208216 /* APIClient.swift */; };
		F3DA93BF2CF24D2000208216 /* APIEndpoint.swift in Sources */ = {isa = PBXBuildFile; fileRef = F3DA93BE2CF24D2000208216 /* APIEndpoint.swift */; };
		F3DA93C12CF24D3D00208216 /* APIModels.swift in Sources */ = {isa = PBXBuildFile; fileRef = F3DA93C02CF24D3D00208216 /* APIModels.swift */; };
		F3DA93C42CF24F7600208216 /* MovieEndpoint.swift in Sources */ = {isa = PBXBuildFile; fileRef = F3DA93C32CF24F7600208216 /* MovieEndpoint.swift */; };
		F3DA93C62CF250A500208216 /* MovieService.swift in Sources */ = {isa = PBXBuildFile; fileRef = F3DA93C52CF250A500208216 /* MovieService.swift */; };
		F3DA93C82CF250BE00208216 /* MovieModels.swift in Sources */ = {isa = PBXBuildFile; fileRef = F3DA93C72CF250BE00208216 /* MovieModels.swift */; };
		F3DA93D12CF2A95700208216 /* MovieRepository.swift in Sources */ = {isa = PBXBuildFile; fileRef = F3DA93D02CF2A95700208216 /* MovieRepository.swift */; };
		F3DA93D42CF2A9F000208216 /* MovieRepositoryProvider.swift in Sources */ = {isa = PBXBuildFile; fileRef = F3DA93D32CF2A9F000208216 /* MovieRepositoryProvider.swift */; };
		F3DA93D62CF2AC8400208216 /* FetchMovieDetailsUseCase.swift in Sources */ = {isa = PBXBuildFile; fileRef = F3DA93D52CF2AC8400208216 /* FetchMovieDetailsUseCase.swift */; };
		F3DA93D82CF2AC8E00208216 /* FetchMovieUseCase.swift in Sources */ = {isa = PBXBuildFile; fileRef = F3DA93D72CF2AC8E00208216 /* FetchMovieUseCase.swift */; };
		F3DA93DD2CF4139500208216 /* MovieListViewModel.swift in Sources */ = {isa = PBXBuildFile; fileRef = F3DA93DC2CF4139500208216 /* MovieListViewModel.swift */; };
		F3DA93DF2CF414F800208216 /* MovieListView.swift in Sources */ = {isa = PBXBuildFile; fileRef = F3DA93DE2CF414F800208216 /* MovieListView.swift */; };
		F3DA93E32CF416A900208216 /* MoviesTabView.swift in Sources */ = {isa = PBXBuildFile; fileRef = F3DA93E22CF416A900208216 /* MoviesTabView.swift */; };
		F3DA93E62CF4190D00208216 /* MovieDetailViewModel.swift in Sources */ = {isa = PBXBuildFile; fileRef = F3DA93E52CF4190D00208216 /* MovieDetailViewModel.swift */; };
		F3DA93E82CF419A200208216 /* MovieDetailView.swift in Sources */ = {isa = PBXBuildFile; fileRef = F3DA93E72CF419A200208216 /* MovieDetailView.swift */; };
		F3DA93EA2CF419D800208216 /* PresentationFactory.swift in Sources */ = {isa = PBXBuildFile; fileRef = F3DA93E92CF419D800208216 /* PresentationFactory.swift */; };
		F3DA93F12CF4D7E400208216 /* MovieMapper.swift in Sources */ = {isa = PBXBuildFile; fileRef = F3DA93F02CF4D7E400208216 /* MovieMapper.swift */; };
		F3DA93F42CF4D81E00208216 /* MovieDomainModel.swift in Sources */ = {isa = PBXBuildFile; fileRef = F3DA93F32CF4D81E00208216 /* MovieDomainModel.swift */; };
		F3DA93F62CF4DBFB00208216 /* MovieRow.swift in Sources */ = {isa = PBXBuildFile; fileRef = F3DA93F52CF4DBFB00208216 /* MovieRow.swift */; };
		F3DA93F92CF4DCD300208216 /* DateFormatter+Extensions.swift in Sources */ = {isa = PBXBuildFile; fileRef = F3DA93F82CF4DCD300208216 /* DateFormatter+Extensions.swift */; };
		F3DA93FC2CF4DFE400208216 /* Movie.swift in Sources */ = {isa = PBXBuildFile; fileRef = F3DA93FB2CF4DFE400208216 /* Movie.swift */; };
		F3DA93FE2CF4E4C700208216 /* MovieDetail.swift in Sources */ = {isa = PBXBuildFile; fileRef = F3DA93FD2CF4E4C700208216 /* MovieDetail.swift */; };
		F3DA94002CF4E65D00208216 /* MovieDetailDomainModel.swift in Sources */ = {isa = PBXBuildFile; fileRef = F3DA93FF2CF4E65D00208216 /* MovieDetailDomainModel.swift */; };
/* End PBXBuildFile section */

/* Begin PBXContainerItemProxy section */
		F3681A5E2C6A5F5800A29862 /* PBXContainerItemProxy */ = {
			isa = PBXContainerItemProxy;
			containerPortal = F3681A422C6A5F5500A29862 /* Project object */;
			proxyType = 1;
			remoteGlobalIDString = F3681A492C6A5F5500A29862;
			remoteInfo = banquemisr.challenge05.themoviedb;
		};
		F3681A682C6A5F5800A29862 /* PBXContainerItemProxy */ = {
			isa = PBXContainerItemProxy;
			containerPortal = F3681A422C6A5F5500A29862 /* Project object */;
			proxyType = 1;
			remoteGlobalIDString = F3681A492C6A5F5500A29862;
			remoteInfo = banquemisr.challenge05.themoviedb;
		};
/* End PBXContainerItemProxy section */

/* Begin PBXFileReference section */
		F3681A4A2C6A5F5500A29862 /* banquemisr.challenge05.themoviedb.app */ = {isa = PBXFileReference; explicitFileType = wrapper.application; includeInIndex = 0; path = banquemisr.challenge05.themoviedb.app; sourceTree = BUILT_PRODUCTS_DIR; };
		F3681A4D2C6A5F5500A29862 /* TheMovieDBApp.swift */ = {isa = PBXFileReference; lastKnownFileType = sourcecode.swift; path = TheMovieDBApp.swift; sourceTree = "<group>"; };
		F3681A532C6A5F5700A29862 /* Assets.xcassets */ = {isa = PBXFileReference; lastKnownFileType = folder.assetcatalog; path = Assets.xcassets; sourceTree = "<group>"; };
		F3681A552C6A5F5700A29862 /* banquemisr_challenge05_themoviedb.entitlements */ = {isa = PBXFileReference; lastKnownFileType = text.plist.entitlements; path = banquemisr_challenge05_themoviedb.entitlements; sourceTree = "<group>"; };
		F3681A572C6A5F5700A29862 /* Preview Assets.xcassets */ = {isa = PBXFileReference; lastKnownFileType = folder.assetcatalog; path = "Preview Assets.xcassets"; sourceTree = "<group>"; };
		F3681A5D2C6A5F5800A29862 /* banquemisr.challenge05.themoviedbTests.xctest */ = {isa = PBXFileReference; explicitFileType = wrapper.cfbundle; includeInIndex = 0; path = banquemisr.challenge05.themoviedbTests.xctest; sourceTree = BUILT_PRODUCTS_DIR; };
		F3681A612C6A5F5800A29862 /* DateFormatterExtensionsTests.swift */ = {isa = PBXFileReference; lastKnownFileType = sourcecode.swift; path = DateFormatterExtensionsTests.swift; sourceTree = "<group>"; };
		F3681A672C6A5F5800A29862 /* banquemisr.challenge05.themoviedbUITests.xctest */ = {isa = PBXFileReference; explicitFileType = wrapper.cfbundle; includeInIndex = 0; path = banquemisr.challenge05.themoviedbUITests.xctest; sourceTree = BUILT_PRODUCTS_DIR; };
		F3681A6B2C6A5F5800A29862 /* banquemisr_challenge05_themoviedbUITests.swift */ = {isa = PBXFileReference; lastKnownFileType = sourcecode.swift; path = banquemisr_challenge05_themoviedbUITests.swift; sourceTree = "<group>"; };
		F3681A6D2C6A5F5800A29862 /* banquemisr_challenge05_themoviedbUITestsLaunchTests.swift */ = {isa = PBXFileReference; lastKnownFileType = sourcecode.swift; path = banquemisr_challenge05_themoviedbUITestsLaunchTests.swift; sourceTree = "<group>"; };
		F399922B2CF4EE820094B63B /* MovieCategoryMapper.swift */ = {isa = PBXFileReference; lastKnownFileType = sourcecode.swift; path = MovieCategoryMapper.swift; sourceTree = "<group>"; };
		F399922E2CF4EEB60094B63B /* MovieCategory.swift */ = {isa = PBXFileReference; lastKnownFileType = sourcecode.swift; path = MovieCategory.swift; sourceTree = "<group>"; };
		F39992322CF548400094B63B /* APIClientTests.swift */ = {isa = PBXFileReference; lastKnownFileType = sourcecode.swift; path = APIClientTests.swift; sourceTree = "<group>"; };
		F39992352CF549500094B63B /* MockAPIClient.swift */ = {isa = PBXFileReference; lastKnownFileType = sourcecode.swift; path = MockAPIClient.swift; sourceTree = "<group>"; };
		F39992372CF549B70094B63B /* MockMovieService.swift */ = {isa = PBXFileReference; lastKnownFileType = sourcecode.swift; path = MockMovieService.swift; sourceTree = "<group>"; };
		F39992392CF54B580094B63B /* MockURLSession.swift */ = {isa = PBXFileReference; fileEncoding = 4; lastKnownFileType = sourcecode.swift; path = MockURLSession.swift; sourceTree = "<group>"; };
		F399923A2CF54B580094B63B /* MockURLProtocol.swift */ = {isa = PBXFileReference; fileEncoding = 4; lastKnownFileType = sourcecode.swift; path = MockURLProtocol.swift; sourceTree = "<group>"; };
		F399923E2CF54EDF0094B63B /* MovieRepositoryTests.swift */ = {isa = PBXFileReference; lastKnownFileType = sourcecode.swift; path = MovieRepositoryTests.swift; sourceTree = "<group>"; };
		F39992412CF550590094B63B /* XCTestCase+Extensions.swift */ = {isa = PBXFileReference; lastKnownFileType = sourcecode.swift; path = "XCTestCase+Extensions.swift"; sourceTree = "<group>"; };
		F3DA93BC2CF24D0A00208216 /* APIClient.swift */ = {isa = PBXFileReference; lastKnownFileType = sourcecode.swift; path = APIClient.swift; sourceTree = "<group>"; };
		F3DA93BE2CF24D2000208216 /* APIEndpoint.swift */ = {isa = PBXFileReference; lastKnownFileType = sourcecode.swift; path = APIEndpoint.swift; sourceTree = "<group>"; };
		F3DA93C02CF24D3D00208216 /* APIModels.swift */ = {isa = PBXFileReference; lastKnownFileType = sourcecode.swift; path = APIModels.swift; sourceTree = "<group>"; };
		F3DA93C32CF24F7600208216 /* MovieEndpoint.swift */ = {isa = PBXFileReference; lastKnownFileType = sourcecode.swift; path = MovieEndpoint.swift; sourceTree = "<group>"; };
		F3DA93C52CF250A500208216 /* MovieService.swift */ = {isa = PBXFileReference; lastKnownFileType = sourcecode.swift; path = MovieService.swift; sourceTree = "<group>"; };
		F3DA93C72CF250BE00208216 /* MovieModels.swift */ = {isa = PBXFileReference; lastKnownFileType = sourcecode.swift; path = MovieModels.swift; sourceTree = "<group>"; };
		F3DA93D02CF2A95700208216 /* MovieRepository.swift */ = {isa = PBXFileReference; lastKnownFileType = sourcecode.swift; path = MovieRepository.swift; sourceTree = "<group>"; };
		F3DA93D32CF2A9F000208216 /* MovieRepositoryProvider.swift */ = {isa = PBXFileReference; lastKnownFileType = sourcecode.swift; path = MovieRepositoryProvider.swift; sourceTree = "<group>"; };
		F3DA93D52CF2AC8400208216 /* FetchMovieDetailsUseCase.swift */ = {isa = PBXFileReference; lastKnownFileType = sourcecode.swift; path = FetchMovieDetailsUseCase.swift; sourceTree = "<group>"; };
		F3DA93D72CF2AC8E00208216 /* FetchMovieUseCase.swift */ = {isa = PBXFileReference; lastKnownFileType = sourcecode.swift; path = FetchMovieUseCase.swift; sourceTree = "<group>"; };
		F3DA93DC2CF4139500208216 /* MovieListViewModel.swift */ = {isa = PBXFileReference; lastKnownFileType = sourcecode.swift; path = MovieListViewModel.swift; sourceTree = "<group>"; };
		F3DA93DE2CF414F800208216 /* MovieListView.swift */ = {isa = PBXFileReference; lastKnownFileType = sourcecode.swift; path = MovieListView.swift; sourceTree = "<group>"; };
		F3DA93E22CF416A900208216 /* MoviesTabView.swift */ = {isa = PBXFileReference; lastKnownFileType = sourcecode.swift; path = MoviesTabView.swift; sourceTree = "<group>"; };
		F3DA93E52CF4190D00208216 /* MovieDetailViewModel.swift */ = {isa = PBXFileReference; lastKnownFileType = sourcecode.swift; path = MovieDetailViewModel.swift; sourceTree = "<group>"; };
		F3DA93E72CF419A200208216 /* MovieDetailView.swift */ = {isa = PBXFileReference; lastKnownFileType = sourcecode.swift; path = MovieDetailView.swift; sourceTree = "<group>"; };
		F3DA93E92CF419D800208216 /* PresentationFactory.swift */ = {isa = PBXFileReference; lastKnownFileType = sourcecode.swift; path = PresentationFactory.swift; sourceTree = "<group>"; };
		F3DA93F02CF4D7E400208216 /* MovieMapper.swift */ = {isa = PBXFileReference; lastKnownFileType = sourcecode.swift; path = MovieMapper.swift; sourceTree = "<group>"; };
		F3DA93F32CF4D81E00208216 /* MovieDomainModel.swift */ = {isa = PBXFileReference; lastKnownFileType = sourcecode.swift; path = MovieDomainModel.swift; sourceTree = "<group>"; };
		F3DA93F52CF4DBFB00208216 /* MovieRow.swift */ = {isa = PBXFileReference; lastKnownFileType = sourcecode.swift; path = MovieRow.swift; sourceTree = "<group>"; };
		F3DA93F82CF4DCD300208216 /* DateFormatter+Extensions.swift */ = {isa = PBXFileReference; lastKnownFileType = sourcecode.swift; path = "DateFormatter+Extensions.swift"; sourceTree = "<group>"; };
		F3DA93FB2CF4DFE400208216 /* Movie.swift */ = {isa = PBXFileReference; lastKnownFileType = sourcecode.swift; path = Movie.swift; sourceTree = "<group>"; };
		F3DA93FD2CF4E4C700208216 /* MovieDetail.swift */ = {isa = PBXFileReference; lastKnownFileType = sourcecode.swift; path = MovieDetail.swift; sourceTree = "<group>"; };
		F3DA93FF2CF4E65D00208216 /* MovieDetailDomainModel.swift */ = {isa = PBXFileReference; lastKnownFileType = sourcecode.swift; path = MovieDetailDomainModel.swift; sourceTree = "<group>"; };
/* End PBXFileReference section */

/* Begin PBXFrameworksBuildPhase section */
		F3681A472C6A5F5500A29862 /* Frameworks */ = {
			isa = PBXFrameworksBuildPhase;
			buildActionMask = 2147483647;
			files = (
			);
			runOnlyForDeploymentPostprocessing = 0;
		};
		F3681A5A2C6A5F5800A29862 /* Frameworks */ = {
			isa = PBXFrameworksBuildPhase;
			buildActionMask = 2147483647;
			files = (
			);
			runOnlyForDeploymentPostprocessing = 0;
		};
		F3681A642C6A5F5800A29862 /* Frameworks */ = {
			isa = PBXFrameworksBuildPhase;
			buildActionMask = 2147483647;
			files = (
			);
			runOnlyForDeploymentPostprocessing = 0;
		};
/* End PBXFrameworksBuildPhase section */

/* Begin PBXGroup section */
		F3681A412C6A5F5500A29862 = {
			isa = PBXGroup;
			children = (
				F3681A4C2C6A5F5500A29862 /* banquemisr.challenge05.themoviedb */,
				F3681A602C6A5F5800A29862 /* banquemisr.challenge05.themoviedbTests */,
				F3681A6A2C6A5F5800A29862 /* banquemisr.challenge05.themoviedbUITests */,
				F3681A4B2C6A5F5500A29862 /* Products */,
			);
			sourceTree = "<group>";
		};
		F3681A4B2C6A5F5500A29862 /* Products */ = {
			isa = PBXGroup;
			children = (
				F3681A4A2C6A5F5500A29862 /* banquemisr.challenge05.themoviedb.app */,
				F3681A5D2C6A5F5800A29862 /* banquemisr.challenge05.themoviedbTests.xctest */,
				F3681A672C6A5F5800A29862 /* banquemisr.challenge05.themoviedbUITests.xctest */,
			);
			name = Products;
			sourceTree = "<group>";
		};
		F3681A4C2C6A5F5500A29862 /* banquemisr.challenge05.themoviedb */ = {
			isa = PBXGroup;
			children = (
				F39F02032CF0302F001ED4D5 /* Presentation */,
				F39F02022CF03029001ED4D5 /* Domain */,
				F39F02012CF03023001ED4D5 /* Data */,
				F3DA93F72CF4DCC000208216 /* Utils */,
				F3D320AC2C6A7DF200BDEBF3 /* Resources */,
				F3681A7A2C6A600600A29862 /* Supporting Files */,
				F3681A562C6A5F5700A29862 /* Preview Content */,
			);
			path = banquemisr.challenge05.themoviedb;
			sourceTree = "<group>";
		};
		F3681A562C6A5F5700A29862 /* Preview Content */ = {
			isa = PBXGroup;
			children = (
				F3681A572C6A5F5700A29862 /* Preview Assets.xcassets */,
			);
			path = "Preview Content";
			sourceTree = "<group>";
		};
		F3681A602C6A5F5800A29862 /* banquemisr.challenge05.themoviedbTests */ = {
			isa = PBXGroup;
			children = (
				F39992402CF5504E0094B63B /* Extensions */,
				F399923D2CF54E540094B63B /* Data */,
				F39992342CF549440094B63B /* Mocks */,
				F39992312CF547F10094B63B /* Networking */,
				F39992302CF547EC0094B63B /* Domain */,
				F3DA93FA2CF4DFC100208216 /* Utils */,
			);
			path = banquemisr.challenge05.themoviedbTests;
			sourceTree = "<group>";
		};
		F3681A6A2C6A5F5800A29862 /* banquemisr.challenge05.themoviedbUITests */ = {
			isa = PBXGroup;
			children = (
				F3681A6B2C6A5F5800A29862 /* banquemisr_challenge05_themoviedbUITests.swift */,
				F3681A6D2C6A5F5800A29862 /* banquemisr_challenge05_themoviedbUITestsLaunchTests.swift */,
			);
			path = banquemisr.challenge05.themoviedbUITests;
			sourceTree = "<group>";
		};
		F3681A7A2C6A600600A29862 /* Supporting Files */ = {
			isa = PBXGroup;
			children = (
				F3681A552C6A5F5700A29862 /* banquemisr_challenge05_themoviedb.entitlements */,
			);
			path = "Supporting Files";
			sourceTree = "<group>";
		};
		F399922A2CF4EE750094B63B /* Mappers */ = {
			isa = PBXGroup;
			children = (
				F399922B2CF4EE820094B63B /* MovieCategoryMapper.swift */,
			);
			path = Mappers;
			sourceTree = "<group>";
		};
		F399922D2CF4EEA40094B63B /* Models */ = {
			isa = PBXGroup;
			children = (
				F3DA93FB2CF4DFE400208216 /* Movie.swift */,
				F3DA93FD2CF4E4C700208216 /* MovieDetail.swift */,
				F399922E2CF4EEB60094B63B /* MovieCategory.swift */,
			);
			path = Models;
			sourceTree = "<group>";
		};
		F39992302CF547EC0094B63B /* Domain */ = {
			isa = PBXGroup;
			children = (
			);
			path = Domain;
			sourceTree = "<group>";
		};
		F39992312CF547F10094B63B /* Networking */ = {
			isa = PBXGroup;
			children = (
				F39992322CF548400094B63B /* APIClientTests.swift */,
			);
			path = Networking;
			sourceTree = "<group>";
		};
		F39992342CF549440094B63B /* Mocks */ = {
			isa = PBXGroup;
			children = (
				F399923A2CF54B580094B63B /* MockURLProtocol.swift */,
				F39992392CF54B580094B63B /* MockURLSession.swift */,
				F39992352CF549500094B63B /* MockAPIClient.swift */,
				F39992372CF549B70094B63B /* MockMovieService.swift */,
			);
			path = Mocks;
			sourceTree = "<group>";
		};
		F399923D2CF54E540094B63B /* Data */ = {
			isa = PBXGroup;
			children = (
				F399923E2CF54EDF0094B63B /* MovieRepositoryTests.swift */,
			);
			path = Data;
			sourceTree = "<group>";
		};
		F39992402CF5504E0094B63B /* Extensions */ = {
			isa = PBXGroup;
			children = (
				F39992412CF550590094B63B /* XCTestCase+Extensions.swift */,
			);
			path = Extensions;
			sourceTree = "<group>";
		};
		F39F02012CF03023001ED4D5 /* Data */ = {
			isa = PBXGroup;
			children = (
				F3DA93EF2CF4D7D600208216 /* Mappers */,
				F3DA93D22CF2A9C800208216 /* Repositories */,
				F39F02062CF03069001ED4D5 /* Remote */,
			);
			path = Data;
			sourceTree = "<group>";
		};
		F39F02022CF03029001ED4D5 /* Domain */ = {
			isa = PBXGroup;
			children = (
				F3DA93F22CF4D80F00208216 /* Models */,
				F3DA93CF2CF2A93D00208216 /* Repositories */,
				F3DA93CC2CF2649800208216 /* UseCases */,
			);
			path = Domain;
			sourceTree = "<group>";
		};
		F39F02032CF0302F001ED4D5 /* Presentation */ = {
			isa = PBXGroup;
			children = (
				F3DA93EB2CF420D600208216 /* Core */,
				F3DA93EC2CF4218400208216 /* Views */,
				F3DA93D92CF411FE00208216 /* ViewModels */,
				F399922D2CF4EEA40094B63B /* Models */,
				F399922A2CF4EE750094B63B /* Mappers */,
			);
			path = Presentation;
			sourceTree = "<group>";
		};
		F39F02062CF03069001ED4D5 /* Remote */ = {
			isa = PBXGroup;
			children = (
				F3DA93BB2CF24CD100208216 /* MovieService */,
				F3DA93BA2CF24CCD00208216 /* Core */,
			);
			path = Remote;
			sourceTree = "<group>";
		};
		F3D320AC2C6A7DF200BDEBF3 /* Resources */ = {
			isa = PBXGroup;
			children = (
				F3681A532C6A5F5700A29862 /* Assets.xcassets */,
			);
			path = Resources;
			sourceTree = "<group>";
		};
		F3DA93BA2CF24CCD00208216 /* Core */ = {
			isa = PBXGroup;
			children = (
				F3DA93BC2CF24D0A00208216 /* APIClient.swift */,
				F3DA93BE2CF24D2000208216 /* APIEndpoint.swift */,
				F3DA93C02CF24D3D00208216 /* APIModels.swift */,
			);
			path = Core;
			sourceTree = "<group>";
		};
		F3DA93BB2CF24CD100208216 /* MovieService */ = {
			isa = PBXGroup;
			children = (
				F3DA93C52CF250A500208216 /* MovieService.swift */,
				F3DA93C32CF24F7600208216 /* MovieEndpoint.swift */,
				F3DA93C72CF250BE00208216 /* MovieModels.swift */,
			);
			path = MovieService;
			sourceTree = "<group>";
		};
		F3DA93CC2CF2649800208216 /* UseCases */ = {
			isa = PBXGroup;
			children = (
				F3DA93D52CF2AC8400208216 /* FetchMovieDetailsUseCase.swift */,
				F3DA93D72CF2AC8E00208216 /* FetchMovieUseCase.swift */,
			);
			path = UseCases;
			sourceTree = "<group>";
		};
		F3DA93CF2CF2A93D00208216 /* Repositories */ = {
			isa = PBXGroup;
			children = (
				F3DA93D02CF2A95700208216 /* MovieRepository.swift */,
			);
			path = Repositories;
			sourceTree = "<group>";
		};
		F3DA93D22CF2A9C800208216 /* Repositories */ = {
			isa = PBXGroup;
			children = (
				F3DA93D32CF2A9F000208216 /* MovieRepositoryProvider.swift */,
			);
			path = Repositories;
			sourceTree = "<group>";
		};
		F3DA93D92CF411FE00208216 /* ViewModels */ = {
			isa = PBXGroup;
			children = (
				F3DA93DC2CF4139500208216 /* MovieListViewModel.swift */,
				F3DA93E52CF4190D00208216 /* MovieDetailViewModel.swift */,
			);
			path = ViewModels;
			sourceTree = "<group>";
		};
		F3DA93EB2CF420D600208216 /* Core */ = {
			isa = PBXGroup;
			children = (
				F3681A4D2C6A5F5500A29862 /* TheMovieDBApp.swift */,
				F3DA93E92CF419D800208216 /* PresentationFactory.swift */,
			);
			path = Core;
			sourceTree = "<group>";
		};
		F3DA93EC2CF4218400208216 /* Views */ = {
			isa = PBXGroup;
			children = (
				F3DA93E22CF416A900208216 /* MoviesTabView.swift */,
				F3DA93F52CF4DBFB00208216 /* MovieRow.swift */,
				F3DA93E72CF419A200208216 /* MovieDetailView.swift */,
				F3DA93DE2CF414F800208216 /* MovieListView.swift */,
			);
			path = Views;
			sourceTree = "<group>";
		};
		F3DA93EF2CF4D7D600208216 /* Mappers */ = {
			isa = PBXGroup;
			children = (
				F3DA93F02CF4D7E400208216 /* MovieMapper.swift */,
			);
			path = Mappers;
			sourceTree = "<group>";
		};
		F3DA93F22CF4D80F00208216 /* Models */ = {
			isa = PBXGroup;
			children = (
				F3DA93F32CF4D81E00208216 /* MovieDomainModel.swift */,
				F3DA93FF2CF4E65D00208216 /* MovieDetailDomainModel.swift */,
			);
			path = Models;
			sourceTree = "<group>";
		};
		F3DA93F72CF4DCC000208216 /* Utils */ = {
			isa = PBXGroup;
			children = (
				F3DA93F82CF4DCD300208216 /* DateFormatter+Extensions.swift */,
			);
			path = Utils;
			sourceTree = "<group>";
		};
		F3DA93FA2CF4DFC100208216 /* Utils */ = {
			isa = PBXGroup;
			children = (
				F3681A612C6A5F5800A29862 /* DateFormatterExtensionsTests.swift */,
			);
			path = Utils;
			sourceTree = "<group>";
		};
/* End PBXGroup section */

/* Begin PBXNativeTarget section */
		F3681A492C6A5F5500A29862 /* banquemisr.challenge05.themoviedb */ = {
			isa = PBXNativeTarget;
			buildConfigurationList = F3681A712C6A5F5800A29862 /* Build configuration list for PBXNativeTarget "banquemisr.challenge05.themoviedb" */;
			buildPhases = (
				F3681A462C6A5F5500A29862 /* Sources */,
				F3681A472C6A5F5500A29862 /* Frameworks */,
				F3681A482C6A5F5500A29862 /* Resources */,
			);
			buildRules = (
			);
			dependencies = (
			);
			name = banquemisr.challenge05.themoviedb;
			productName = banquemisr.challenge05.themoviedb;
			productReference = F3681A4A2C6A5F5500A29862 /* banquemisr.challenge05.themoviedb.app */;
			productType = "com.apple.product-type.application";
		};
		F3681A5C2C6A5F5800A29862 /* banquemisr.challenge05.themoviedbTests */ = {
			isa = PBXNativeTarget;
			buildConfigurationList = F3681A742C6A5F5800A29862 /* Build configuration list for PBXNativeTarget "banquemisr.challenge05.themoviedbTests" */;
			buildPhases = (
				F3681A592C6A5F5800A29862 /* Sources */,
				F3681A5A2C6A5F5800A29862 /* Frameworks */,
				F3681A5B2C6A5F5800A29862 /* Resources */,
			);
			buildRules = (
			);
			dependencies = (
				F3681A5F2C6A5F5800A29862 /* PBXTargetDependency */,
			);
			name = banquemisr.challenge05.themoviedbTests;
			productName = banquemisr.challenge05.themoviedbTests;
			productReference = F3681A5D2C6A5F5800A29862 /* banquemisr.challenge05.themoviedbTests.xctest */;
			productType = "com.apple.product-type.bundle.unit-test";
		};
		F3681A662C6A5F5800A29862 /* banquemisr.challenge05.themoviedbUITests */ = {
			isa = PBXNativeTarget;
			buildConfigurationList = F3681A772C6A5F5800A29862 /* Build configuration list for PBXNativeTarget "banquemisr.challenge05.themoviedbUITests" */;
			buildPhases = (
				F3681A632C6A5F5800A29862 /* Sources */,
				F3681A642C6A5F5800A29862 /* Frameworks */,
				F3681A652C6A5F5800A29862 /* Resources */,
			);
			buildRules = (
			);
			dependencies = (
				F3681A692C6A5F5800A29862 /* PBXTargetDependency */,
			);
			name = banquemisr.challenge05.themoviedbUITests;
			productName = banquemisr.challenge05.themoviedbUITests;
			productReference = F3681A672C6A5F5800A29862 /* banquemisr.challenge05.themoviedbUITests.xctest */;
			productType = "com.apple.product-type.bundle.ui-testing";
		};
/* End PBXNativeTarget section */

/* Begin PBXProject section */
		F3681A422C6A5F5500A29862 /* Project object */ = {
			isa = PBXProject;
			attributes = {
				BuildIndependentTargetsInParallel = 1;
				LastSwiftUpdateCheck = 1540;
				LastUpgradeCheck = 1540;
				TargetAttributes = {
					F3681A492C6A5F5500A29862 = {
						CreatedOnToolsVersion = 15.4;
					};
					F3681A5C2C6A5F5800A29862 = {
						CreatedOnToolsVersion = 15.4;
						TestTargetID = F3681A492C6A5F5500A29862;
					};
					F3681A662C6A5F5800A29862 = {
						CreatedOnToolsVersion = 15.4;
						TestTargetID = F3681A492C6A5F5500A29862;
					};
				};
			};
			buildConfigurationList = F3681A452C6A5F5500A29862 /* Build configuration list for PBXProject "banquemisr.challenge05.themoviedb" */;
			compatibilityVersion = "Xcode 14.0";
			developmentRegion = en;
			hasScannedForEncodings = 0;
			knownRegions = (
				en,
				Base,
			);
			mainGroup = F3681A412C6A5F5500A29862;
			productRefGroup = F3681A4B2C6A5F5500A29862 /* Products */;
			projectDirPath = "";
			projectRoot = "";
			targets = (
				F3681A492C6A5F5500A29862 /* banquemisr.challenge05.themoviedb */,
				F3681A5C2C6A5F5800A29862 /* banquemisr.challenge05.themoviedbTests */,
				F3681A662C6A5F5800A29862 /* banquemisr.challenge05.themoviedbUITests */,
			);
		};
/* End PBXProject section */

/* Begin PBXResourcesBuildPhase section */
		F3681A482C6A5F5500A29862 /* Resources */ = {
			isa = PBXResourcesBuildPhase;
			buildActionMask = 2147483647;
			files = (
				F3681A582C6A5F5700A29862 /* Preview Assets.xcassets in Resources */,
				F3681A542C6A5F5700A29862 /* Assets.xcassets in Resources */,
			);
			runOnlyForDeploymentPostprocessing = 0;
		};
		F3681A5B2C6A5F5800A29862 /* Resources */ = {
			isa = PBXResourcesBuildPhase;
			buildActionMask = 2147483647;
			files = (
			);
			runOnlyForDeploymentPostprocessing = 0;
		};
		F3681A652C6A5F5800A29862 /* Resources */ = {
			isa = PBXResourcesBuildPhase;
			buildActionMask = 2147483647;
			files = (
			);
			runOnlyForDeploymentPostprocessing = 0;
		};
/* End PBXResourcesBuildPhase section */

/* Begin PBXSourcesBuildPhase section */
		F3681A462C6A5F5500A29862 /* Sources */ = {
			isa = PBXSourcesBuildPhase;
			buildActionMask = 2147483647;
			files = (
				F3DA93C82CF250BE00208216 /* MovieModels.swift in Sources */,
				F3DA93EA2CF419D800208216 /* PresentationFactory.swift in Sources */,
				F3DA93DF2CF414F800208216 /* MovieListView.swift in Sources */,
				F3DA93D62CF2AC8400208216 /* FetchMovieDetailsUseCase.swift in Sources */,
				F3DA94002CF4E65D00208216 /* MovieDetailDomainModel.swift in Sources */,
				F3DA93F62CF4DBFB00208216 /* MovieRow.swift in Sources */,
				F3DA93E82CF419A200208216 /* MovieDetailView.swift in Sources */,
				F3DA93DD2CF4139500208216 /* MovieListViewModel.swift in Sources */,
				F399922F2CF4EEB60094B63B /* MovieCategory.swift in Sources */,
				F3DA93D82CF2AC8E00208216 /* FetchMovieUseCase.swift in Sources */,
				F3DA93E62CF4190D00208216 /* MovieDetailViewModel.swift in Sources */,
				F3DA93FC2CF4DFE400208216 /* Movie.swift in Sources */,
				F3DA93C12CF24D3D00208216 /* APIModels.swift in Sources */,
				F3681A4E2C6A5F5500A29862 /* TheMovieDBApp.swift in Sources */,
				F3DA93E32CF416A900208216 /* MoviesTabView.swift in Sources */,
				F3DA93F12CF4D7E400208216 /* MovieMapper.swift in Sources */,
				F3DA93F42CF4D81E00208216 /* MovieDomainModel.swift in Sources */,
				F3DA93FE2CF4E4C700208216 /* MovieDetail.swift in Sources */,
				F3DA93F92CF4DCD300208216 /* DateFormatter+Extensions.swift in Sources */,
				F3DA93BD2CF24D0A00208216 /* APIClient.swift in Sources */,
				F3DA93BF2CF24D2000208216 /* APIEndpoint.swift in Sources */,
				F399922C2CF4EE820094B63B /* MovieCategoryMapper.swift in Sources */,
				F3DA93C42CF24F7600208216 /* MovieEndpoint.swift in Sources */,
				F3DA93D12CF2A95700208216 /* MovieRepository.swift in Sources */,
				F3DA93C62CF250A500208216 /* MovieService.swift in Sources */,
				F3DA93D42CF2A9F000208216 /* MovieRepositoryProvider.swift in Sources */,
			);
			runOnlyForDeploymentPostprocessing = 0;
		};
		F3681A592C6A5F5800A29862 /* Sources */ = {
			isa = PBXSourcesBuildPhase;
			buildActionMask = 2147483647;
			files = (
				F399923F2CF54EDF0094B63B /* MovieRepositoryTests.swift in Sources */,
				F39992382CF549B70094B63B /* MockMovieService.swift in Sources */,
				F39992332CF548400094B63B /* APIClientTests.swift in Sources */,
				F3681A622C6A5F5800A29862 /* DateFormatterExtensionsTests.swift in Sources */,
				F399923C2CF54B580094B63B /* MockURLProtocol.swift in Sources */,
				F39992422CF550590094B63B /* XCTestCase+Extensions.swift in Sources */,
				F399923B2CF54B580094B63B /* MockURLSession.swift in Sources */,
				F39992362CF549500094B63B /* MockAPIClient.swift in Sources */,
			);
			runOnlyForDeploymentPostprocessing = 0;
		};
		F3681A632C6A5F5800A29862 /* Sources */ = {
			isa = PBXSourcesBuildPhase;
			buildActionMask = 2147483647;
			files = (
				F3681A6C2C6A5F5800A29862 /* banquemisr_challenge05_themoviedbUITests.swift in Sources */,
				F3681A6E2C6A5F5800A29862 /* banquemisr_challenge05_themoviedbUITestsLaunchTests.swift in Sources */,
			);
			runOnlyForDeploymentPostprocessing = 0;
		};
/* End PBXSourcesBuildPhase section */

/* Begin PBXTargetDependency section */
		F3681A5F2C6A5F5800A29862 /* PBXTargetDependency */ = {
			isa = PBXTargetDependency;
			target = F3681A492C6A5F5500A29862 /* banquemisr.challenge05.themoviedb */;
			targetProxy = F3681A5E2C6A5F5800A29862 /* PBXContainerItemProxy */;
		};
		F3681A692C6A5F5800A29862 /* PBXTargetDependency */ = {
			isa = PBXTargetDependency;
			target = F3681A492C6A5F5500A29862 /* banquemisr.challenge05.themoviedb */;
			targetProxy = F3681A682C6A5F5800A29862 /* PBXContainerItemProxy */;
		};
/* End PBXTargetDependency section */

/* Begin XCBuildConfiguration section */
		F3681A6F2C6A5F5800A29862 /* Debug */ = {
			isa = XCBuildConfiguration;
			buildSettings = {
				ALWAYS_SEARCH_USER_PATHS = NO;
				ASSETCATALOG_COMPILER_GENERATE_SWIFT_ASSET_SYMBOL_EXTENSIONS = YES;
				CLANG_ANALYZER_NONNULL = YES;
				CLANG_ANALYZER_NUMBER_OBJECT_CONVERSION = YES_AGGRESSIVE;
				CLANG_CXX_LANGUAGE_STANDARD = "gnu++20";
				CLANG_ENABLE_MODULES = YES;
				CLANG_ENABLE_OBJC_ARC = YES;
				CLANG_ENABLE_OBJC_WEAK = YES;
				CLANG_WARN_BLOCK_CAPTURE_AUTORELEASING = YES;
				CLANG_WARN_BOOL_CONVERSION = YES;
				CLANG_WARN_COMMA = YES;
				CLANG_WARN_CONSTANT_CONVERSION = YES;
				CLANG_WARN_DEPRECATED_OBJC_IMPLEMENTATIONS = YES;
				CLANG_WARN_DIRECT_OBJC_ISA_USAGE = YES_ERROR;
				CLANG_WARN_DOCUMENTATION_COMMENTS = YES;
				CLANG_WARN_EMPTY_BODY = YES;
				CLANG_WARN_ENUM_CONVERSION = YES;
				CLANG_WARN_INFINITE_RECURSION = YES;
				CLANG_WARN_INT_CONVERSION = YES;
				CLANG_WARN_NON_LITERAL_NULL_CONVERSION = YES;
				CLANG_WARN_OBJC_IMPLICIT_RETAIN_SELF = YES;
				CLANG_WARN_OBJC_LITERAL_CONVERSION = YES;
				CLANG_WARN_OBJC_ROOT_CLASS = YES_ERROR;
				CLANG_WARN_QUOTED_INCLUDE_IN_FRAMEWORK_HEADER = YES;
				CLANG_WARN_RANGE_LOOP_ANALYSIS = YES;
				CLANG_WARN_STRICT_PROTOTYPES = YES;
				CLANG_WARN_SUSPICIOUS_MOVE = YES;
				CLANG_WARN_UNGUARDED_AVAILABILITY = YES_AGGRESSIVE;
				CLANG_WARN_UNREACHABLE_CODE = YES;
				CLANG_WARN__DUPLICATE_METHOD_MATCH = YES;
				COPY_PHASE_STRIP = NO;
				DEBUG_INFORMATION_FORMAT = dwarf;
				ENABLE_STRICT_OBJC_MSGSEND = YES;
				ENABLE_TESTABILITY = YES;
				ENABLE_USER_SCRIPT_SANDBOXING = YES;
				GCC_C_LANGUAGE_STANDARD = gnu17;
				GCC_DYNAMIC_NO_PIC = NO;
				GCC_NO_COMMON_BLOCKS = YES;
				GCC_OPTIMIZATION_LEVEL = 0;
				GCC_PREPROCESSOR_DEFINITIONS = (
					"DEBUG=1",
					"$(inherited)",
				);
				GCC_WARN_64_TO_32_BIT_CONVERSION = YES;
				GCC_WARN_ABOUT_RETURN_TYPE = YES_ERROR;
				GCC_WARN_UNDECLARED_SELECTOR = YES;
				GCC_WARN_UNINITIALIZED_AUTOS = YES_AGGRESSIVE;
				GCC_WARN_UNUSED_FUNCTION = YES;
				GCC_WARN_UNUSED_VARIABLE = YES;
				LOCALIZATION_PREFERS_STRING_CATALOGS = YES;
				MTL_ENABLE_DEBUG_INFO = INCLUDE_SOURCE;
				MTL_FAST_MATH = YES;
				ONLY_ACTIVE_ARCH = YES;
				SWIFT_ACTIVE_COMPILATION_CONDITIONS = "DEBUG $(inherited)";
				SWIFT_OPTIMIZATION_LEVEL = "-Onone";
			};
			name = Debug;
		};
		F3681A702C6A5F5800A29862 /* Release */ = {
			isa = XCBuildConfiguration;
			buildSettings = {
				ALWAYS_SEARCH_USER_PATHS = NO;
				ASSETCATALOG_COMPILER_GENERATE_SWIFT_ASSET_SYMBOL_EXTENSIONS = YES;
				CLANG_ANALYZER_NONNULL = YES;
				CLANG_ANALYZER_NUMBER_OBJECT_CONVERSION = YES_AGGRESSIVE;
				CLANG_CXX_LANGUAGE_STANDARD = "gnu++20";
				CLANG_ENABLE_MODULES = YES;
				CLANG_ENABLE_OBJC_ARC = YES;
				CLANG_ENABLE_OBJC_WEAK = YES;
				CLANG_WARN_BLOCK_CAPTURE_AUTORELEASING = YES;
				CLANG_WARN_BOOL_CONVERSION = YES;
				CLANG_WARN_COMMA = YES;
				CLANG_WARN_CONSTANT_CONVERSION = YES;
				CLANG_WARN_DEPRECATED_OBJC_IMPLEMENTATIONS = YES;
				CLANG_WARN_DIRECT_OBJC_ISA_USAGE = YES_ERROR;
				CLANG_WARN_DOCUMENTATION_COMMENTS = YES;
				CLANG_WARN_EMPTY_BODY = YES;
				CLANG_WARN_ENUM_CONVERSION = YES;
				CLANG_WARN_INFINITE_RECURSION = YES;
				CLANG_WARN_INT_CONVERSION = YES;
				CLANG_WARN_NON_LITERAL_NULL_CONVERSION = YES;
				CLANG_WARN_OBJC_IMPLICIT_RETAIN_SELF = YES;
				CLANG_WARN_OBJC_LITERAL_CONVERSION = YES;
				CLANG_WARN_OBJC_ROOT_CLASS = YES_ERROR;
				CLANG_WARN_QUOTED_INCLUDE_IN_FRAMEWORK_HEADER = YES;
				CLANG_WARN_RANGE_LOOP_ANALYSIS = YES;
				CLANG_WARN_STRICT_PROTOTYPES = YES;
				CLANG_WARN_SUSPICIOUS_MOVE = YES;
				CLANG_WARN_UNGUARDED_AVAILABILITY = YES_AGGRESSIVE;
				CLANG_WARN_UNREACHABLE_CODE = YES;
				CLANG_WARN__DUPLICATE_METHOD_MATCH = YES;
				COPY_PHASE_STRIP = NO;
				DEBUG_INFORMATION_FORMAT = "dwarf-with-dsym";
				ENABLE_NS_ASSERTIONS = NO;
				ENABLE_STRICT_OBJC_MSGSEND = YES;
				ENABLE_USER_SCRIPT_SANDBOXING = YES;
				GCC_C_LANGUAGE_STANDARD = gnu17;
				GCC_NO_COMMON_BLOCKS = YES;
				GCC_WARN_64_TO_32_BIT_CONVERSION = YES;
				GCC_WARN_ABOUT_RETURN_TYPE = YES_ERROR;
				GCC_WARN_UNDECLARED_SELECTOR = YES;
				GCC_WARN_UNINITIALIZED_AUTOS = YES_AGGRESSIVE;
				GCC_WARN_UNUSED_FUNCTION = YES;
				GCC_WARN_UNUSED_VARIABLE = YES;
				LOCALIZATION_PREFERS_STRING_CATALOGS = YES;
				MTL_ENABLE_DEBUG_INFO = NO;
				MTL_FAST_MATH = YES;
				SWIFT_COMPILATION_MODE = wholemodule;
			};
			name = Release;
		};
		F3681A722C6A5F5800A29862 /* Debug */ = {
			isa = XCBuildConfiguration;
			buildSettings = {
				ASSETCATALOG_COMPILER_APPICON_NAME = AppIcon;
				ASSETCATALOG_COMPILER_GLOBAL_ACCENT_COLOR_NAME = AccentColor;
				CODE_SIGN_ENTITLEMENTS = "banquemisr.challenge05.themoviedb/Supporting Files/banquemisr_challenge05_themoviedb.entitlements";
				CODE_SIGN_STYLE = Automatic;
				CURRENT_PROJECT_VERSION = 1;
				DEVELOPMENT_ASSET_PATHS = "\"banquemisr.challenge05.themoviedb/Preview Content\"";
				DEVELOPMENT_TEAM = KDJFZFUH2Y;
				ENABLE_HARDENED_RUNTIME = YES;
				ENABLE_PREVIEWS = YES;
				GENERATE_INFOPLIST_FILE = YES;
				INFOPLIST_KEY_CFBundleDisplayName = "The Movie DB";
				INFOPLIST_KEY_LSApplicationCategoryType = "public.app-category.entertainment";
				"INFOPLIST_KEY_UIApplicationSceneManifest_Generation[sdk=iphoneos*]" = YES;
				"INFOPLIST_KEY_UIApplicationSceneManifest_Generation[sdk=iphonesimulator*]" = YES;
				"INFOPLIST_KEY_UIApplicationSupportsIndirectInputEvents[sdk=iphoneos*]" = YES;
				"INFOPLIST_KEY_UIApplicationSupportsIndirectInputEvents[sdk=iphonesimulator*]" = YES;
				"INFOPLIST_KEY_UILaunchScreen_Generation[sdk=iphoneos*]" = YES;
				"INFOPLIST_KEY_UILaunchScreen_Generation[sdk=iphonesimulator*]" = YES;
				"INFOPLIST_KEY_UIStatusBarStyle[sdk=iphoneos*]" = UIStatusBarStyleDefault;
				"INFOPLIST_KEY_UIStatusBarStyle[sdk=iphonesimulator*]" = UIStatusBarStyleDefault;
				INFOPLIST_KEY_UISupportedInterfaceOrientations_iPad = "UIInterfaceOrientationPortrait UIInterfaceOrientationPortraitUpsideDown UIInterfaceOrientationLandscapeLeft UIInterfaceOrientationLandscapeRight";
				INFOPLIST_KEY_UISupportedInterfaceOrientations_iPhone = "UIInterfaceOrientationPortrait UIInterfaceOrientationLandscapeLeft UIInterfaceOrientationLandscapeRight";
				IPHONEOS_DEPLOYMENT_TARGET = 17.5;
				LD_RUNPATH_SEARCH_PATHS = "@executable_path/Frameworks";
				"LD_RUNPATH_SEARCH_PATHS[sdk=macosx*]" = "@executable_path/../Frameworks";
				MACOSX_DEPLOYMENT_TARGET = 14.0;
				MARKETING_VERSION = 1.0;
				PRODUCT_BUNDLE_IDENTIFIER = "come.personal.banquemisr-challenge05-themoviedb";
				PRODUCT_NAME = "$(TARGET_NAME)";
				SDKROOT = auto;
				SUPPORTED_PLATFORMS = "iphoneos iphonesimulator macosx";
				SWIFT_EMIT_LOC_STRINGS = YES;
				SWIFT_VERSION = 5.0;
				TARGETED_DEVICE_FAMILY = "1,2";
			};
			name = Debug;
		};
		F3681A732C6A5F5800A29862 /* Release */ = {
			isa = XCBuildConfiguration;
			buildSettings = {
				ASSETCATALOG_COMPILER_APPICON_NAME = AppIcon;
				ASSETCATALOG_COMPILER_GLOBAL_ACCENT_COLOR_NAME = AccentColor;
				CODE_SIGN_ENTITLEMENTS = "banquemisr.challenge05.themoviedb/Supporting Files/banquemisr_challenge05_themoviedb.entitlements";
				CODE_SIGN_STYLE = Automatic;
				CURRENT_PROJECT_VERSION = 1;
				DEVELOPMENT_ASSET_PATHS = "\"banquemisr.challenge05.themoviedb/Preview Content\"";
				DEVELOPMENT_TEAM = KDJFZFUH2Y;
				ENABLE_HARDENED_RUNTIME = YES;
				ENABLE_PREVIEWS = YES;
				GENERATE_INFOPLIST_FILE = YES;
				INFOPLIST_KEY_CFBundleDisplayName = "The Movie DB";
				INFOPLIST_KEY_LSApplicationCategoryType = "public.app-category.entertainment";
				"INFOPLIST_KEY_UIApplicationSceneManifest_Generation[sdk=iphoneos*]" = YES;
				"INFOPLIST_KEY_UIApplicationSceneManifest_Generation[sdk=iphonesimulator*]" = YES;
				"INFOPLIST_KEY_UIApplicationSupportsIndirectInputEvents[sdk=iphoneos*]" = YES;
				"INFOPLIST_KEY_UIApplicationSupportsIndirectInputEvents[sdk=iphonesimulator*]" = YES;
				"INFOPLIST_KEY_UILaunchScreen_Generation[sdk=iphoneos*]" = YES;
				"INFOPLIST_KEY_UILaunchScreen_Generation[sdk=iphonesimulator*]" = YES;
				"INFOPLIST_KEY_UIStatusBarStyle[sdk=iphoneos*]" = UIStatusBarStyleDefault;
				"INFOPLIST_KEY_UIStatusBarStyle[sdk=iphonesimulator*]" = UIStatusBarStyleDefault;
				INFOPLIST_KEY_UISupportedInterfaceOrientations_iPad = "UIInterfaceOrientationPortrait UIInterfaceOrientationPortraitUpsideDown UIInterfaceOrientationLandscapeLeft UIInterfaceOrientationLandscapeRight";
				INFOPLIST_KEY_UISupportedInterfaceOrientations_iPhone = "UIInterfaceOrientationPortrait UIInterfaceOrientationLandscapeLeft UIInterfaceOrientationLandscapeRight";
				IPHONEOS_DEPLOYMENT_TARGET = 17.5;
				LD_RUNPATH_SEARCH_PATHS = "@executable_path/Frameworks";
				"LD_RUNPATH_SEARCH_PATHS[sdk=macosx*]" = "@executable_path/../Frameworks";
				MACOSX_DEPLOYMENT_TARGET = 14.0;
				MARKETING_VERSION = 1.0;
				PRODUCT_BUNDLE_IDENTIFIER = "come.personal.banquemisr-challenge05-themoviedb";
				PRODUCT_NAME = "$(TARGET_NAME)";
				SDKROOT = auto;
				SUPPORTED_PLATFORMS = "iphoneos iphonesimulator macosx";
				SWIFT_EMIT_LOC_STRINGS = YES;
				SWIFT_VERSION = 5.0;
				TARGETED_DEVICE_FAMILY = "1,2";
			};
			name = Release;
		};
		F3681A752C6A5F5800A29862 /* Debug */ = {
			isa = XCBuildConfiguration;
			buildSettings = {
				ALWAYS_EMBED_SWIFT_STANDARD_LIBRARIES = YES;
				BUNDLE_LOADER = "$(TEST_HOST)";
				CODE_SIGN_STYLE = Automatic;
				CURRENT_PROJECT_VERSION = 1;
				DEVELOPMENT_TEAM = KDJFZFUH2Y;
				GENERATE_INFOPLIST_FILE = YES;
				IPHONEOS_DEPLOYMENT_TARGET = 17.5;
				MACOSX_DEPLOYMENT_TARGET = 14.5;
				MARKETING_VERSION = 1.0;
				PRODUCT_BUNDLE_IDENTIFIER = "come.personal.banquemisr-challenge05-themoviedbTests";
				PRODUCT_NAME = "$(TARGET_NAME)";
				SDKROOT = auto;
				SUPPORTED_PLATFORMS = "iphoneos iphonesimulator macosx";
				SWIFT_EMIT_LOC_STRINGS = NO;
				SWIFT_VERSION = 5.0;
				TARGETED_DEVICE_FAMILY = "1,2";
				TEST_HOST = "$(BUILT_PRODUCTS_DIR)/banquemisr.challenge05.themoviedb.app/$(BUNDLE_EXECUTABLE_FOLDER_PATH)/banquemisr.challenge05.themoviedb";
			};
			name = Debug;
		};
		F3681A762C6A5F5800A29862 /* Release */ = {
			isa = XCBuildConfiguration;
			buildSettings = {
				ALWAYS_EMBED_SWIFT_STANDARD_LIBRARIES = YES;
				BUNDLE_LOADER = "$(TEST_HOST)";
				CODE_SIGN_STYLE = Automatic;
				CURRENT_PROJECT_VERSION = 1;
				DEVELOPMENT_TEAM = KDJFZFUH2Y;
				GENERATE_INFOPLIST_FILE = YES;
				IPHONEOS_DEPLOYMENT_TARGET = 17.5;
				MACOSX_DEPLOYMENT_TARGET = 14.5;
				MARKETING_VERSION = 1.0;
				PRODUCT_BUNDLE_IDENTIFIER = "come.personal.banquemisr-challenge05-themoviedbTests";
				PRODUCT_NAME = "$(TARGET_NAME)";
				SDKROOT = auto;
				SUPPORTED_PLATFORMS = "iphoneos iphonesimulator macosx";
				SWIFT_EMIT_LOC_STRINGS = NO;
				SWIFT_VERSION = 5.0;
				TARGETED_DEVICE_FAMILY = "1,2";
				TEST_HOST = "$(BUILT_PRODUCTS_DIR)/banquemisr.challenge05.themoviedb.app/$(BUNDLE_EXECUTABLE_FOLDER_PATH)/banquemisr.challenge05.themoviedb";
			};
			name = Release;
		};
		F3681A782C6A5F5800A29862 /* Debug */ = {
			isa = XCBuildConfiguration;
			buildSettings = {
				ALWAYS_EMBED_SWIFT_STANDARD_LIBRARIES = YES;
				CODE_SIGN_STYLE = Automatic;
				CURRENT_PROJECT_VERSION = 1;
				DEVELOPMENT_TEAM = KDJFZFUH2Y;
				GENERATE_INFOPLIST_FILE = YES;
				IPHONEOS_DEPLOYMENT_TARGET = 17.5;
				MACOSX_DEPLOYMENT_TARGET = 14.5;
				MARKETING_VERSION = 1.0;
				PRODUCT_BUNDLE_IDENTIFIER = "come.personal.banquemisr-challenge05-themoviedbUITests";
				PRODUCT_NAME = "$(TARGET_NAME)";
				SDKROOT = auto;
				SUPPORTED_PLATFORMS = "iphoneos iphonesimulator macosx";
				SWIFT_EMIT_LOC_STRINGS = NO;
				SWIFT_VERSION = 5.0;
				TARGETED_DEVICE_FAMILY = "1,2";
				TEST_TARGET_NAME = banquemisr.challenge05.themoviedb;
			};
			name = Debug;
		};
		F3681A792C6A5F5800A29862 /* Release */ = {
			isa = XCBuildConfiguration;
			buildSettings = {
				ALWAYS_EMBED_SWIFT_STANDARD_LIBRARIES = YES;
				CODE_SIGN_STYLE = Automatic;
				CURRENT_PROJECT_VERSION = 1;
				DEVELOPMENT_TEAM = KDJFZFUH2Y;
				GENERATE_INFOPLIST_FILE = YES;
				IPHONEOS_DEPLOYMENT_TARGET = 17.5;
				MACOSX_DEPLOYMENT_TARGET = 14.5;
				MARKETING_VERSION = 1.0;
				PRODUCT_BUNDLE_IDENTIFIER = "come.personal.banquemisr-challenge05-themoviedbUITests";
				PRODUCT_NAME = "$(TARGET_NAME)";
				SDKROOT = auto;
				SUPPORTED_PLATFORMS = "iphoneos iphonesimulator macosx";
				SWIFT_EMIT_LOC_STRINGS = NO;
				SWIFT_VERSION = 5.0;
				TARGETED_DEVICE_FAMILY = "1,2";
				TEST_TARGET_NAME = banquemisr.challenge05.themoviedb;
			};
			name = Release;
		};
/* End XCBuildConfiguration section */

/* Begin XCConfigurationList section */
		F3681A452C6A5F5500A29862 /* Build configuration list for PBXProject "banquemisr.challenge05.themoviedb" */ = {
			isa = XCConfigurationList;
			buildConfigurations = (
				F3681A6F2C6A5F5800A29862 /* Debug */,
				F3681A702C6A5F5800A29862 /* Release */,
			);
			defaultConfigurationIsVisible = 0;
			defaultConfigurationName = Release;
		};
		F3681A712C6A5F5800A29862 /* Build configuration list for PBXNativeTarget "banquemisr.challenge05.themoviedb" */ = {
			isa = XCConfigurationList;
			buildConfigurations = (
				F3681A722C6A5F5800A29862 /* Debug */,
				F3681A732C6A5F5800A29862 /* Release */,
			);
			defaultConfigurationIsVisible = 0;
			defaultConfigurationName = Release;
		};
		F3681A742C6A5F5800A29862 /* Build configuration list for PBXNativeTarget "banquemisr.challenge05.themoviedbTests" */ = {
			isa = XCConfigurationList;
			buildConfigurations = (
				F3681A752C6A5F5800A29862 /* Debug */,
				F3681A762C6A5F5800A29862 /* Release */,
			);
			defaultConfigurationIsVisible = 0;
			defaultConfigurationName = Release;
		};
		F3681A772C6A5F5800A29862 /* Build configuration list for PBXNativeTarget "banquemisr.challenge05.themoviedbUITests" */ = {
			isa = XCConfigurationList;
			buildConfigurations = (
				F3681A782C6A5F5800A29862 /* Debug */,
				F3681A792C6A5F5800A29862 /* Release */,
			);
			defaultConfigurationIsVisible = 0;
			defaultConfigurationName = Release;
		};
/* End XCConfigurationList section */
	};
	rootObject = F3681A422C6A5F5500A29862 /* Project object */;
}
