// !$*UTF8*$!
{
	archiveVersion = 1;
	classes = {
	};
	objectVersion = 56;
	objects = {

/* Begin PBXBuildFile section */
		F3681A4E2C6A5F5500A29862 /* banquemisr_challenge05_themoviedbApp.swift in Sources */ = {isa = PBXBuildFile; fileRef = F3681A4D2C6A5F5500A29862 /* banquemisr_challenge05_themoviedbApp.swift */; };
		F3681A502C6A5F5500A29862 /* ContentView.swift in Sources */ = {isa = PBXBuildFile; fileRef = F3681A4F2C6A5F5500A29862 /* ContentView.swift */; };
		F3681A522C6A5F5500A29862 /* Item.swift in Sources */ = {isa = PBXBuildFile; fileRef = F3681A512C6A5F5500A29862 /* Item.swift */; };
		F3681A542C6A5F5700A29862 /* Assets.xcassets in Resources */ = {isa = PBXBuildFile; fileRef = F3681A532C6A5F5700A29862 /* Assets.xcassets */; };
		F3681A582C6A5F5700A29862 /* Preview Assets.xcassets in Resources */ = {isa = PBXBuildFile; fileRef = F3681A572C6A5F5700A29862 /* Preview Assets.xcassets */; };
		F3681A622C6A5F5800A29862 /* banquemisr_challenge05_themoviedbTests.swift in Sources */ = {isa = PBXBuildFile; fileRef = F3681A612C6A5F5800A29862 /* banquemisr_challenge05_themoviedbTests.swift */; };
		F3681A6C2C6A5F5800A29862 /* banquemisr_challenge05_themoviedbUITests.swift in Sources */ = {isa = PBXBuildFile; fileRef = F3681A6B2C6A5F5800A29862 /* banquemisr_challenge05_themoviedbUITests.swift */; };
		F3681A6E2C6A5F5800A29862 /* banquemisr_challenge05_themoviedbUITestsLaunchTests.swift in Sources */ = {isa = PBXBuildFile; fileRef = F3681A6D2C6A5F5800A29862 /* banquemisr_challenge05_themoviedbUITestsLaunchTests.swift */; };
/* End PBXBuildFile section */

/* Begin PBXContainerItemProxy section */
		F3681A5E2C6A5F5800A29862 /* PBXContainerItemProxy */ = {
			isa = PBXContainerItemProxy;
			containerPortal = F3681A422C6A5F5500A29862 /* Project object */;
			proxyType = 1;
			remoteGlobalIDString = F3681A492C6A5F5500A29862;
			remoteInfo = banquemisr.challenge05.themoviedb;
		};
		F3681A682C6A5F5800A29862 /* PBXContainerItemProxy */ = {
			isa = PBXContainerItemProxy;
			containerPortal = F3681A422C6A5F5500A29862 /* Project object */;
			proxyType = 1;
			remoteGlobalIDString = F3681A492C6A5F5500A29862;
			remoteInfo = banquemisr.challenge05.themoviedb;
		};
/* End PBXContainerItemProxy section */

/* Begin PBXFileReference section */
		F3681A4A2C6A5F5500A29862 /* banquemisr.challenge05.themoviedb.app */ = {isa = PBXFileReference; explicitFileType = wrapper.application; includeInIndex = 0; path = banquemisr.challenge05.themoviedb.app; sourceTree = BUILT_PRODUCTS_DIR; };
		F3681A4D2C6A5F5500A29862 /* banquemisr_challenge05_themoviedbApp.swift */ = {isa = PBXFileReference; lastKnownFileType = sourcecode.swift; path = banquemisr_challenge05_themoviedbApp.swift; sourceTree = "<group>"; };
		F3681A4F2C6A5F5500A29862 /* ContentView.swift */ = {isa = PBXFileReference; lastKnownFileType = sourcecode.swift; path = ContentView.swift; sourceTree = "<group>"; };
		F3681A512C6A5F5500A29862 /* Item.swift */ = {isa = PBXFileReference; lastKnownFileType = sourcecode.swift; path = Item.swift; sourceTree = "<group>"; };
		F3681A532C6A5F5700A29862 /* Assets.xcassets */ = {isa = PBXFileReference; lastKnownFileType = folder.assetcatalog; path = Assets.xcassets; sourceTree = "<group>"; };
		F3681A552C6A5F5700A29862 /* banquemisr_challenge05_themoviedb.entitlements */ = {isa = PBXFileReference; lastKnownFileType = text.plist.entitlements; path = banquemisr_challenge05_themoviedb.entitlements; sourceTree = "<group>"; };
		F3681A572C6A5F5700A29862 /* Preview Assets.xcassets */ = {isa = PBXFileReference; lastKnownFileType = folder.assetcatalog; path = "Preview Assets.xcassets"; sourceTree = "<group>"; };
		F3681A5D2C6A5F5800A29862 /* banquemisr.challenge05.themoviedbTests.xctest */ = {isa = PBXFileReference; explicitFileType = wrapper.cfbundle; includeInIndex = 0; path = banquemisr.challenge05.themoviedbTests.xctest; sourceTree = BUILT_PRODUCTS_DIR; };
		F3681A612C6A5F5800A29862 /* banquemisr_challenge05_themoviedbTests.swift */ = {isa = PBXFileReference; lastKnownFileType = sourcecode.swift; path = banquemisr_challenge05_themoviedbTests.swift; sourceTree = "<group>"; };
		F3681A672C6A5F5800A29862 /* banquemisr.challenge05.themoviedbUITests.xctest */ = {isa = PBXFileReference; explicitFileType = wrapper.cfbundle; includeInIndex = 0; path = banquemisr.challenge05.themoviedbUITests.xctest; sourceTree = BUILT_PRODUCTS_DIR; };
		F3681A6B2C6A5F5800A29862 /* banquemisr_challenge05_themoviedbUITests.swift */ = {isa = PBXFileReference; lastKnownFileType = sourcecode.swift; path = banquemisr_challenge05_themoviedbUITests.swift; sourceTree = "<group>"; };
		F3681A6D2C6A5F5800A29862 /* banquemisr_challenge05_themoviedbUITestsLaunchTests.swift */ = {isa = PBXFileReference; lastKnownFileType = sourcecode.swift; path = banquemisr_challenge05_themoviedbUITestsLaunchTests.swift; sourceTree = "<group>"; };
/* End PBXFileReference section */

/* Begin PBXFrameworksBuildPhase section */
		F3681A472C6A5F5500A29862 /* Frameworks */ = {
			isa = PBXFrameworksBuildPhase;
			buildActionMask = 2147483647;
			files = (
			);
			runOnlyForDeploymentPostprocessing = 0;
		};
		F3681A5A2C6A5F5800A29862 /* Frameworks */ = {
			isa = PBXFrameworksBuildPhase;
			buildActionMask = 2147483647;
			files = (
			);
			runOnlyForDeploymentPostprocessing = 0;
		};
		F3681A642C6A5F5800A29862 /* Frameworks */ = {
			isa = PBXFrameworksBuildPhase;
			buildActionMask = 2147483647;
			files = (
			);
			runOnlyForDeploymentPostprocessing = 0;
		};
/* End PBXFrameworksBuildPhase section */

/* Begin PBXGroup section */
		F3681A412C6A5F5500A29862 = {
			isa = PBXGroup;
			children = (
				F3681A4C2C6A5F5500A29862 /* banquemisr.challenge05.themoviedb */,
				F3681A602C6A5F5800A29862 /* banquemisr.challenge05.themoviedbTests */,
				F3681A6A2C6A5F5800A29862 /* banquemisr.challenge05.themoviedbUITests */,
				F3681A4B2C6A5F5500A29862 /* Products */,
			);
			sourceTree = "<group>";
		};
		F3681A4B2C6A5F5500A29862 /* Products */ = {
			isa = PBXGroup;
			children = (
				F3681A4A2C6A5F5500A29862 /* banquemisr.challenge05.themoviedb.app */,
				F3681A5D2C6A5F5800A29862 /* banquemisr.challenge05.themoviedbTests.xctest */,
				F3681A672C6A5F5800A29862 /* banquemisr.challenge05.themoviedbUITests.xctest */,
			);
			name = Products;
			sourceTree = "<group>";
		};
		F3681A4C2C6A5F5500A29862 /* banquemisr.challenge05.themoviedb */ = {
			isa = PBXGroup;
			children = (
				F3681A4D2C6A5F5500A29862 /* banquemisr_challenge05_themoviedbApp.swift */,
				F3681A4F2C6A5F5500A29862 /* ContentView.swift */,
				F3681A512C6A5F5500A29862 /* Item.swift */,
				F3681A532C6A5F5700A29862 /* Assets.xcassets */,
				F3681A552C6A5F5700A29862 /* banquemisr_challenge05_themoviedb.entitlements */,
				F3681A562C6A5F5700A29862 /* Preview Content */,
			);
			path = banquemisr.challenge05.themoviedb;
			sourceTree = "<group>";
		};
		F3681A562C6A5F5700A29862 /* Preview Content */ = {
			isa = PBXGroup;
			children = (
				F3681A572C6A5F5700A29862 /* Preview Assets.xcassets */,
			);
			path = "Preview Content";
			sourceTree = "<group>";
		};
		F3681A602C6A5F5800A29862 /* banquemisr.challenge05.themoviedbTests */ = {
			isa = PBXGroup;
			children = (
				F3681A612C6A5F5800A29862 /* banquemisr_challenge05_themoviedbTests.swift */,
			);
			path = banquemisr.challenge05.themoviedbTests;
			sourceTree = "<group>";
		};
		F3681A6A2C6A5F5800A29862 /* banquemisr.challenge05.themoviedbUITests */ = {
			isa = PBXGroup;
			children = (
				F3681A6B2C6A5F5800A29862 /* banquemisr_challenge05_themoviedbUITests.swift */,
				F3681A6D2C6A5F5800A29862 /* banquemisr_challenge05_themoviedbUITestsLaunchTests.swift */,
			);
			path = banquemisr.challenge05.themoviedbUITests;
			sourceTree = "<group>";
		};
/* End PBXGroup section */

/* Begin PBXNativeTarget section */
		F3681A492C6A5F5500A29862 /* banquemisr.challenge05.themoviedb */ = {
			isa = PBXNativeTarget;
			buildConfigurationList = F3681A712C6A5F5800A29862 /* Build configuration list for PBXNativeTarget "banquemisr.challenge05.themoviedb" */;
			buildPhases = (
				F3681A462C6A5F5500A29862 /* Sources */,
				F3681A472C6A5F5500A29862 /* Frameworks */,
				F3681A482C6A5F5500A29862 /* Resources */,
			);
			buildRules = (
			);
			dependencies = (
			);
			name = banquemisr.challenge05.themoviedb;
			productName = banquemisr.challenge05.themoviedb;
			productReference = F3681A4A2C6A5F5500A29862 /* banquemisr.challenge05.themoviedb.app */;
			productType = "com.apple.product-type.application";
		};
		F3681A5C2C6A5F5800A29862 /* banquemisr.challenge05.themoviedbTests */ = {
			isa = PBXNativeTarget;
			buildConfigurationList = F3681A742C6A5F5800A29862 /* Build configuration list for PBXNativeTarget "banquemisr.challenge05.themoviedbTests" */;
			buildPhases = (
				F3681A592C6A5F5800A29862 /* Sources */,
				F3681A5A2C6A5F5800A29862 /* Frameworks */,
				F3681A5B2C6A5F5800A29862 /* Resources */,
			);
			buildRules = (
			);
			dependencies = (
				F3681A5F2C6A5F5800A29862 /* PBXTargetDependency */,
			);
			name = banquemisr.challenge05.themoviedbTests;
			productName = banquemisr.challenge05.themoviedbTests;
			productReference = F3681A5D2C6A5F5800A29862 /* banquemisr.challenge05.themoviedbTests.xctest */;
			productType = "com.apple.product-type.bundle.unit-test";
		};
		F3681A662C6A5F5800A29862 /* banquemisr.challenge05.themoviedbUITests */ = {
			isa = PBXNativeTarget;
			buildConfigurationList = F3681A772C6A5F5800A29862 /* Build configuration list for PBXNativeTarget "banquemisr.challenge05.themoviedbUITests" */;
			buildPhases = (
				F3681A632C6A5F5800A29862 /* Sources */,
				F3681A642C6A5F5800A29862 /* Frameworks */,
				F3681A652C6A5F5800A29862 /* Resources */,
			);
			buildRules = (
			);
			dependencies = (
				F3681A692C6A5F5800A29862 /* PBXTargetDependency */,
			);
			name = banquemisr.challenge05.themoviedbUITests;
			productName = banquemisr.challenge05.themoviedbUITests;
			productReference = F3681A672C6A5F5800A29862 /* banquemisr.challenge05.themoviedbUITests.xctest */;
			productType = "com.apple.product-type.bundle.ui-testing";
		};
/* End PBXNativeTarget section */

/* Begin PBXProject section */
		F3681A422C6A5F5500A29862 /* Project object */ = {
			isa = PBXProject;
			attributes = {
				BuildIndependentTargetsInParallel = 1;
				LastSwiftUpdateCheck = 1540;
				LastUpgradeCheck = 1540;
				TargetAttributes = {
					F3681A492C6A5F5500A29862 = {
						CreatedOnToolsVersion = 15.4;
					};
					F3681A5C2C6A5F5800A29862 = {
						CreatedOnToolsVersion = 15.4;
						TestTargetID = F3681A492C6A5F5500A29862;
					};
					F3681A662C6A5F5800A29862 = {
						CreatedOnToolsVersion = 15.4;
						TestTargetID = F3681A492C6A5F5500A29862;
					};
				};
			};
			buildConfigurationList = F3681A452C6A5F5500A29862 /* Build configuration list for PBXProject "banquemisr.challenge05.themoviedb" */;
			compatibilityVersion = "Xcode 14.0";
			developmentRegion = en;
			hasScannedForEncodings = 0;
			knownRegions = (
				en,
				Base,
			);
			mainGroup = F3681A412C6A5F5500A29862;
			productRefGroup = F3681A4B2C6A5F5500A29862 /* Products */;
			projectDirPath = "";
			projectRoot = "";
			targets = (
				F3681A492C6A5F5500A29862 /* banquemisr.challenge05.themoviedb */,
				F3681A5C2C6A5F5800A29862 /* banquemisr.challenge05.themoviedbTests */,
				F3681A662C6A5F5800A29862 /* banquemisr.challenge05.themoviedbUITests */,
			);
		};
/* End PBXProject section */

/* Begin PBXResourcesBuildPhase section */
		F3681A482C6A5F5500A29862 /* Resources */ = {
			isa = PBXResourcesBuildPhase;
			buildActionMask = 2147483647;
			files = (
				F3681A582C6A5F5700A29862 /* Preview Assets.xcassets in Resources */,
				F3681A542C6A5F5700A29862 /* Assets.xcassets in Resources */,
			);
			runOnlyForDeploymentPostprocessing = 0;
		};
		F3681A5B2C6A5F5800A29862 /* Resources */ = {
			isa = PBXResourcesBuildPhase;
			buildActionMask = 2147483647;
			files = (
			);
			runOnlyForDeploymentPostprocessing = 0;
		};
		F3681A652C6A5F5800A29862 /* Resources */ = {
			isa = PBXResourcesBuildPhase;
			buildActionMask = 2147483647;
			files = (
			);
			runOnlyForDeploymentPostprocessing = 0;
		};
/* End PBXResourcesBuildPhase section */

/* Begin PBXSourcesBuildPhase section */
		F3681A462C6A5F5500A29862 /* Sources */ = {
			isa = PBXSourcesBuildPhase;
			buildActionMask = 2147483647;
			files = (
				F3681A502C6A5F5500A29862 /* ContentView.swift in Sources */,
				F3681A522C6A5F5500A29862 /* Item.swift in Sources */,
				F3681A4E2C6A5F5500A29862 /* banquemisr_challenge05_themoviedbApp.swift in Sources */,
			);
			runOnlyForDeploymentPostprocessing = 0;
		};
		F3681A592C6A5F5800A29862 /* Sources */ = {
			isa = PBXSourcesBuildPhase;
			buildActionMask = 2147483647;
			files = (
				F3681A622C6A5F5800A29862 /* banquemisr_challenge05_themoviedbTests.swift in Sources */,
			);
			runOnlyForDeploymentPostprocessing = 0;
		};
		F3681A632C6A5F5800A29862 /* Sources */ = {
			isa = PBXSourcesBuildPhase;
			buildActionMask = 2147483647;
			files = (
				F3681A6C2C6A5F5800A29862 /* banquemisr_challenge05_themoviedbUITests.swift in Sources */,
				F3681A6E2C6A5F5800A29862 /* banquemisr_challenge05_themoviedbUITestsLaunchTests.swift in Sources */,
			);
			runOnlyForDeploymentPostprocessing = 0;
		};
/* End PBXSourcesBuildPhase section */

/* Begin PBXTargetDependency section */
		F3681A5F2C6A5F5800A29862 /* PBXTargetDependency */ = {
			isa = PBXTargetDependency;
			target = F3681A492C6A5F5500A29862 /* banquemisr.challenge05.themoviedb */;
			targetProxy = F3681A5E2C6A5F5800A29862 /* PBXContainerItemProxy */;
		};
		F3681A692C6A5F5800A29862 /* PBXTargetDependency */ = {
			isa = PBXTargetDependency;
			target = F3681A492C6A5F5500A29862 /* banquemisr.challenge05.themoviedb */;
			targetProxy = F3681A682C6A5F5800A29862 /* PBXContainerItemProxy */;
		};
/* End PBXTargetDependency section */

/* Begin XCBuildConfiguration section */
		F3681A6F2C6A5F5800A29862 /* Debug */ = {
			isa = XCBuildConfiguration;
			buildSettings = {
				ALWAYS_SEARCH_USER_PATHS = NO;
				ASSETCATALOG_COMPILER_GENERATE_SWIFT_ASSET_SYMBOL_EXTENSIONS = YES;
				CLANG_ANALYZER_NONNULL = YES;
				CLANG_ANALYZER_NUMBER_OBJECT_CONVERSION = YES_AGGRESSIVE;
				CLANG_CXX_LANGUAGE_STANDARD = "gnu++20";
				CLANG_ENABLE_MODULES = YES;
				CLANG_ENABLE_OBJC_ARC = YES;
				CLANG_ENABLE_OBJC_WEAK = YES;
				CLANG_WARN_BLOCK_CAPTURE_AUTORELEASING = YES;
				CLANG_WARN_BOOL_CONVERSION = YES;
				CLANG_WARN_COMMA = YES;
				CLANG_WARN_CONSTANT_CONVERSION = YES;
				CLANG_WARN_DEPRECATED_OBJC_IMPLEMENTATIONS = YES;
				CLANG_WARN_DIRECT_OBJC_ISA_USAGE = YES_ERROR;
				CLANG_WARN_DOCUMENTATION_COMMENTS = YES;
				CLANG_WARN_EMPTY_BODY = YES;
				CLANG_WARN_ENUM_CONVERSION = YES;
				CLANG_WARN_INFINITE_RECURSION = YES;
				CLANG_WARN_INT_CONVERSION = YES;
				CLANG_WARN_NON_LITERAL_NULL_CONVERSION = YES;
				CLANG_WARN_OBJC_IMPLICIT_RETAIN_SELF = YES;
				CLANG_WARN_OBJC_LITERAL_CONVERSION = YES;
				CLANG_WARN_OBJC_ROOT_CLASS = YES_ERROR;
				CLANG_WARN_QUOTED_INCLUDE_IN_FRAMEWORK_HEADER = YES;
				CLANG_WARN_RANGE_LOOP_ANALYSIS = YES;
				CLANG_WARN_STRICT_PROTOTYPES = YES;
				CLANG_WARN_SUSPICIOUS_MOVE = YES;
				CLANG_WARN_UNGUARDED_AVAILABILITY = YES_AGGRESSIVE;
				CLANG_WARN_UNREACHABLE_CODE = YES;
				CLANG_WARN__DUPLICATE_METHOD_MATCH = YES;
				COPY_PHASE_STRIP = NO;
				DEBUG_INFORMATION_FORMAT = dwarf;
				ENABLE_STRICT_OBJC_MSGSEND = YES;
				ENABLE_TESTABILITY = YES;
				ENABLE_USER_SCRIPT_SANDBOXING = YES;
				GCC_C_LANGUAGE_STANDARD = gnu17;
				GCC_DYNAMIC_NO_PIC = NO;
				GCC_NO_COMMON_BLOCKS = YES;
				GCC_OPTIMIZATION_LEVEL = 0;
				GCC_PREPROCESSOR_DEFINITIONS = (
					"DEBUG=1",
					"$(inherited)",
				);
				GCC_WARN_64_TO_32_BIT_CONVERSION = YES;
				GCC_WARN_ABOUT_RETURN_TYPE = YES_ERROR;
				GCC_WARN_UNDECLARED_SELECTOR = YES;
				GCC_WARN_UNINITIALIZED_AUTOS = YES_AGGRESSIVE;
				GCC_WARN_UNUSED_FUNCTION = YES;
				GCC_WARN_UNUSED_VARIABLE = YES;
				LOCALIZATION_PREFERS_STRING_CATALOGS = YES;
				MTL_ENABLE_DEBUG_INFO = INCLUDE_SOURCE;
				MTL_FAST_MATH = YES;
				ONLY_ACTIVE_ARCH = YES;
				SWIFT_ACTIVE_COMPILATION_CONDITIONS = "DEBUG $(inherited)";
				SWIFT_OPTIMIZATION_LEVEL = "-Onone";
			};
			name = Debug;
		};
		F3681A702C6A5F5800A29862 /* Release */ = {
			isa = XCBuildConfiguration;
			buildSettings = {
				ALWAYS_SEARCH_USER_PATHS = NO;
				ASSETCATALOG_COMPILER_GENERATE_SWIFT_ASSET_SYMBOL_EXTENSIONS = YES;
				CLANG_ANALYZER_NONNULL = YES;
				CLANG_ANALYZER_NUMBER_OBJECT_CONVERSION = YES_AGGRESSIVE;
				CLANG_CXX_LANGUAGE_STANDARD = "gnu++20";
				CLANG_ENABLE_MODULES = YES;
				CLANG_ENABLE_OBJC_ARC = YES;
				CLANG_ENABLE_OBJC_WEAK = YES;
				CLANG_WARN_BLOCK_CAPTURE_AUTORELEASING = YES;
				CLANG_WARN_BOOL_CONVERSION = YES;
				CLANG_WARN_COMMA = YES;
				CLANG_WARN_CONSTANT_CONVERSION = YES;
				CLANG_WARN_DEPRECATED_OBJC_IMPLEMENTATIONS = YES;
				CLANG_WARN_DIRECT_OBJC_ISA_USAGE = YES_ERROR;
				CLANG_WARN_DOCUMENTATION_COMMENTS = YES;
				CLANG_WARN_EMPTY_BODY = YES;
				CLANG_WARN_ENUM_CONVERSION = YES;
				CLANG_WARN_INFINITE_RECURSION = YES;
				CLANG_WARN_INT_CONVERSION = YES;
				CLANG_WARN_NON_LITERAL_NULL_CONVERSION = YES;
				CLANG_WARN_OBJC_IMPLICIT_RETAIN_SELF = YES;
				CLANG_WARN_OBJC_LITERAL_CONVERSION = YES;
				CLANG_WARN_OBJC_ROOT_CLASS = YES_ERROR;
				CLANG_WARN_QUOTED_INCLUDE_IN_FRAMEWORK_HEADER = YES;
				CLANG_WARN_RANGE_LOOP_ANALYSIS = YES;
				CLANG_WARN_STRICT_PROTOTYPES = YES;
				CLANG_WARN_SUSPICIOUS_MOVE = YES;
				CLANG_WARN_UNGUARDED_AVAILABILITY = YES_AGGRESSIVE;
				CLANG_WARN_UNREACHABLE_CODE = YES;
				CLANG_WARN__DUPLICATE_METHOD_MATCH = YES;
				COPY_PHASE_STRIP = NO;
				DEBUG_INFORMATION_FORMAT = "dwarf-with-dsym";
				ENABLE_NS_ASSERTIONS = NO;
				ENABLE_STRICT_OBJC_MSGSEND = YES;
				ENABLE_USER_SCRIPT_SANDBOXING = YES;
				GCC_C_LANGUAGE_STANDARD = gnu17;
				GCC_NO_COMMON_BLOCKS = YES;
				GCC_WARN_64_TO_32_BIT_CONVERSION = YES;
				GCC_WARN_ABOUT_RETURN_TYPE = YES_ERROR;
				GCC_WARN_UNDECLARED_SELECTOR = YES;
				GCC_WARN_UNINITIALIZED_AUTOS = YES_AGGRESSIVE;
				GCC_WARN_UNUSED_FUNCTION = YES;
				GCC_WARN_UNUSED_VARIABLE = YES;
				LOCALIZATION_PREFERS_STRING_CATALOGS = YES;
				MTL_ENABLE_DEBUG_INFO = NO;
				MTL_FAST_MATH = YES;
				SWIFT_COMPILATION_MODE = wholemodule;
			};
			name = Release;
		};
		F3681A722C6A5F5800A29862 /* Debug */ = {
			isa = XCBuildConfiguration;
			buildSettings = {
				ASSETCATALOG_COMPILER_APPICON_NAME = AppIcon;
				ASSETCATALOG_COMPILER_GLOBAL_ACCENT_COLOR_NAME = AccentColor;
				CODE_SIGN_ENTITLEMENTS = banquemisr.challenge05.themoviedb/banquemisr_challenge05_themoviedb.entitlements;
				CODE_SIGN_STYLE = Automatic;
				CURRENT_PROJECT_VERSION = 1;
				DEVELOPMENT_ASSET_PATHS = "\"banquemisr.challenge05.themoviedb/Preview Content\"";
				DEVELOPMENT_TEAM = KDJFZFUH2Y;
				ENABLE_HARDENED_RUNTIME = YES;
				ENABLE_PREVIEWS = YES;
				GENERATE_INFOPLIST_FILE = YES;
				"INFOPLIST_KEY_UIApplicationSceneManifest_Generation[sdk=iphoneos*]" = YES;
				"INFOPLIST_KEY_UIApplicationSceneManifest_Generation[sdk=iphonesimulator*]" = YES;
				"INFOPLIST_KEY_UIApplicationSupportsIndirectInputEvents[sdk=iphoneos*]" = YES;
				"INFOPLIST_KEY_UIApplicationSupportsIndirectInputEvents[sdk=iphonesimulator*]" = YES;
				"INFOPLIST_KEY_UILaunchScreen_Generation[sdk=iphoneos*]" = YES;
				"INFOPLIST_KEY_UILaunchScreen_Generation[sdk=iphonesimulator*]" = YES;
				"INFOPLIST_KEY_UIStatusBarStyle[sdk=iphoneos*]" = UIStatusBarStyleDefault;
				"INFOPLIST_KEY_UIStatusBarStyle[sdk=iphonesimulator*]" = UIStatusBarStyleDefault;
				INFOPLIST_KEY_UISupportedInterfaceOrientations_iPad = "UIInterfaceOrientationPortrait UIInterfaceOrientationPortraitUpsideDown UIInterfaceOrientationLandscapeLeft UIInterfaceOrientationLandscapeRight";
				INFOPLIST_KEY_UISupportedInterfaceOrientations_iPhone = "UIInterfaceOrientationPortrait UIInterfaceOrientationLandscapeLeft UIInterfaceOrientationLandscapeRight";
				IPHONEOS_DEPLOYMENT_TARGET = 17.5;
				LD_RUNPATH_SEARCH_PATHS = "@executable_path/Frameworks";
				"LD_RUNPATH_SEARCH_PATHS[sdk=macosx*]" = "@executable_path/../Frameworks";
				MACOSX_DEPLOYMENT_TARGET = 14.0;
				MARKETING_VERSION = 1.0;
				PRODUCT_BUNDLE_IDENTIFIER = "come.personal.banquemisr-challenge05-themoviedb";
				PRODUCT_NAME = "$(TARGET_NAME)";
				SDKROOT = auto;
				SUPPORTED_PLATFORMS = "iphoneos iphonesimulator macosx";
				SWIFT_EMIT_LOC_STRINGS = YES;
				SWIFT_VERSION = 5.0;
				TARGETED_DEVICE_FAMILY = "1,2";
			};
			name = Debug;
		};
		F3681A732C6A5F5800A29862 /* Release */ = {
			isa = XCBuildConfiguration;
			buildSettings = {
				ASSETCATALOG_COMPILER_APPICON_NAME = AppIcon;
				ASSETCATALOG_COMPILER_GLOBAL_ACCENT_COLOR_NAME = AccentColor;
				CODE_SIGN_ENTITLEMENTS = banquemisr.challenge05.themoviedb/banquemisr_challenge05_themoviedb.entitlements;
				CODE_SIGN_STYLE = Automatic;
				CURRENT_PROJECT_VERSION = 1;
				DEVELOPMENT_ASSET_PATHS = "\"banquemisr.challenge05.themoviedb/Preview Content\"";
				DEVELOPMENT_TEAM = KDJFZFUH2Y;
				ENABLE_HARDENED_RUNTIME = YES;
				ENABLE_PREVIEWS = YES;
				GENERATE_INFOPLIST_FILE = YES;
				"INFOPLIST_KEY_UIApplicationSceneManifest_Generation[sdk=iphoneos*]" = YES;
				"INFOPLIST_KEY_UIApplicationSceneManifest_Generation[sdk=iphonesimulator*]" = YES;
				"INFOPLIST_KEY_UIApplicationSupportsIndirectInputEvents[sdk=iphoneos*]" = YES;
				"INFOPLIST_KEY_UIApplicationSupportsIndirectInputEvents[sdk=iphonesimulator*]" = YES;
				"INFOPLIST_KEY_UILaunchScreen_Generation[sdk=iphoneos*]" = YES;
				"INFOPLIST_KEY_UILaunchScreen_Generation[sdk=iphonesimulator*]" = YES;
				"INFOPLIST_KEY_UIStatusBarStyle[sdk=iphoneos*]" = UIStatusBarStyleDefault;
				"INFOPLIST_KEY_UIStatusBarStyle[sdk=iphonesimulator*]" = UIStatusBarStyleDefault;
				INFOPLIST_KEY_UISupportedInterfaceOrientations_iPad = "UIInterfaceOrientationPortrait UIInterfaceOrientationPortraitUpsideDown UIInterfaceOrientationLandscapeLeft UIInterfaceOrientationLandscapeRight";
				INFOPLIST_KEY_UISupportedInterfaceOrientations_iPhone = "UIInterfaceOrientationPortrait UIInterfaceOrientationLandscapeLeft UIInterfaceOrientationLandscapeRight";
				IPHONEOS_DEPLOYMENT_TARGET = 17.5;
				LD_RUNPATH_SEARCH_PATHS = "@executable_path/Frameworks";
				"LD_RUNPATH_SEARCH_PATHS[sdk=macosx*]" = "@executable_path/../Frameworks";
				MACOSX_DEPLOYMENT_TARGET = 14.0;
				MARKETING_VERSION = 1.0;
				PRODUCT_BUNDLE_IDENTIFIER = "come.personal.banquemisr-challenge05-themoviedb";
				PRODUCT_NAME = "$(TARGET_NAME)";
				SDKROOT = auto;
				SUPPORTED_PLATFORMS = "iphoneos iphonesimulator macosx";
				SWIFT_EMIT_LOC_STRINGS = YES;
				SWIFT_VERSION = 5.0;
				TARGETED_DEVICE_FAMILY = "1,2";
			};
			name = Release;
		};
		F3681A752C6A5F5800A29862 /* Debug */ = {
			isa = XCBuildConfiguration;
			buildSettings = {
				ALWAYS_EMBED_SWIFT_STANDARD_LIBRARIES = YES;
				BUNDLE_LOADER = "$(TEST_HOST)";
				CODE_SIGN_STYLE = Automatic;
				CURRENT_PROJECT_VERSION = 1;
				DEVELOPMENT_TEAM = KDJFZFUH2Y;
				GENERATE_INFOPLIST_FILE = YES;
				IPHONEOS_DEPLOYMENT_TARGET = 17.5;
				MACOSX_DEPLOYMENT_TARGET = 14.5;
				MARKETING_VERSION = 1.0;
				PRODUCT_BUNDLE_IDENTIFIER = "come.personal.banquemisr-challenge05-themoviedbTests";
				PRODUCT_NAME = "$(TARGET_NAME)";
				SDKROOT = auto;
				SUPPORTED_PLATFORMS = "iphoneos iphonesimulator macosx";
				SWIFT_EMIT_LOC_STRINGS = NO;
				SWIFT_VERSION = 5.0;
				TARGETED_DEVICE_FAMILY = "1,2";
				TEST_HOST = "$(BUILT_PRODUCTS_DIR)/banquemisr.challenge05.themoviedb.app/$(BUNDLE_EXECUTABLE_FOLDER_PATH)/banquemisr.challenge05.themoviedb";
			};
			name = Debug;
		};
		F3681A762C6A5F5800A29862 /* Release */ = {
			isa = XCBuildConfiguration;
			buildSettings = {
				ALWAYS_EMBED_SWIFT_STANDARD_LIBRARIES = YES;
				BUNDLE_LOADER = "$(TEST_HOST)";
				CODE_SIGN_STYLE = Automatic;
				CURRENT_PROJECT_VERSION = 1;
				DEVELOPMENT_TEAM = KDJFZFUH2Y;
				GENERATE_INFOPLIST_FILE = YES;
				IPHONEOS_DEPLOYMENT_TARGET = 17.5;
				MACOSX_DEPLOYMENT_TARGET = 14.5;
				MARKETING_VERSION = 1.0;
				PRODUCT_BUNDLE_IDENTIFIER = "come.personal.banquemisr-challenge05-themoviedbTests";
				PRODUCT_NAME = "$(TARGET_NAME)";
				SDKROOT = auto;
				SUPPORTED_PLATFORMS = "iphoneos iphonesimulator macosx";
				SWIFT_EMIT_LOC_STRINGS = NO;
				SWIFT_VERSION = 5.0;
				TARGETED_DEVICE_FAMILY = "1,2";
				TEST_HOST = "$(BUILT_PRODUCTS_DIR)/banquemisr.challenge05.themoviedb.app/$(BUNDLE_EXECUTABLE_FOLDER_PATH)/banquemisr.challenge05.themoviedb";
			};
			name = Release;
		};
		F3681A782C6A5F5800A29862 /* Debug */ = {
			isa = XCBuildConfiguration;
			buildSettings = {
				ALWAYS_EMBED_SWIFT_STANDARD_LIBRARIES = YES;
				CODE_SIGN_STYLE = Automatic;
				CURRENT_PROJECT_VERSION = 1;
				DEVELOPMENT_TEAM = KDJFZFUH2Y;
				GENERATE_INFOPLIST_FILE = YES;
				IPHONEOS_DEPLOYMENT_TARGET = 17.5;
				MACOSX_DEPLOYMENT_TARGET = 14.5;
				MARKETING_VERSION = 1.0;
				PRODUCT_BUNDLE_IDENTIFIER = "come.personal.banquemisr-challenge05-themoviedbUITests";
				PRODUCT_NAME = "$(TARGET_NAME)";
				SDKROOT = auto;
				SUPPORTED_PLATFORMS = "iphoneos iphonesimulator macosx";
				SWIFT_EMIT_LOC_STRINGS = NO;
				SWIFT_VERSION = 5.0;
				TARGETED_DEVICE_FAMILY = "1,2";
				TEST_TARGET_NAME = banquemisr.challenge05.themoviedb;
			};
			name = Debug;
		};
		F3681A792C6A5F5800A29862 /* Release */ = {
			isa = XCBuildConfiguration;
			buildSettings = {
				ALWAYS_EMBED_SWIFT_STANDARD_LIBRARIES = YES;
				CODE_SIGN_STYLE = Automatic;
				CURRENT_PROJECT_VERSION = 1;
				DEVELOPMENT_TEAM = KDJFZFUH2Y;
				GENERATE_INFOPLIST_FILE = YES;
				IPHONEOS_DEPLOYMENT_TARGET = 17.5;
				MACOSX_DEPLOYMENT_TARGET = 14.5;
				MARKETING_VERSION = 1.0;
				PRODUCT_BUNDLE_IDENTIFIER = "come.personal.banquemisr-challenge05-themoviedbUITests";
				PRODUCT_NAME = "$(TARGET_NAME)";
				SDKROOT = auto;
				SUPPORTED_PLATFORMS = "iphoneos iphonesimulator macosx";
				SWIFT_EMIT_LOC_STRINGS = NO;
				SWIFT_VERSION = 5.0;
				TARGETED_DEVICE_FAMILY = "1,2";
				TEST_TARGET_NAME = banquemisr.challenge05.themoviedb;
			};
			name = Release;
		};
/* End XCBuildConfiguration section */

/* Begin XCConfigurationList section */
		F3681A452C6A5F5500A29862 /* Build configuration list for PBXProject "banquemisr.challenge05.themoviedb" */ = {
			isa = XCConfigurationList;
			buildConfigurations = (
				F3681A6F2C6A5F5800A29862 /* Debug */,
				F3681A702C6A5F5800A29862 /* Release */,
			);
			defaultConfigurationIsVisible = 0;
			defaultConfigurationName = Release;
		};
		F3681A712C6A5F5800A29862 /* Build configuration list for PBXNativeTarget "banquemisr.challenge05.themoviedb" */ = {
			isa = XCConfigurationList;
			buildConfigurations = (
				F3681A722C6A5F5800A29862 /* Debug */,
				F3681A732C6A5F5800A29862 /* Release */,
			);
			defaultConfigurationIsVisible = 0;
			defaultConfigurationName = Release;
		};
		F3681A742C6A5F5800A29862 /* Build configuration list for PBXNativeTarget "banquemisr.challenge05.themoviedbTests" */ = {
			isa = XCConfigurationList;
			buildConfigurations = (
				F3681A752C6A5F5800A29862 /* Debug */,
				F3681A762C6A5F5800A29862 /* Release */,
			);
			defaultConfigurationIsVisible = 0;
			defaultConfigurationName = Release;
		};
		F3681A772C6A5F5800A29862 /* Build configuration list for PBXNativeTarget "banquemisr.challenge05.themoviedbUITests" */ = {
			isa = XCConfigurationList;
			buildConfigurations = (
				F3681A782C6A5F5800A29862 /* Debug */,
				F3681A792C6A5F5800A29862 /* Release */,
			);
			defaultConfigurationIsVisible = 0;
			defaultConfigurationName = Release;
		};
/* End XCConfigurationList section */
	};
	rootObject = F3681A422C6A5F5500A29862 /* Project object */;
}
